
Microsoft Visual Studio Solution File, Format Version 12.00
# Visual Studio Version 16
VisualStudioVersion = 16.0.808.4
MinimumVisualStudioVersion = 10.0.40219.1
Project("{FAE04EC0-301F-11D3-BF4B-00C04F79EFBC}") = "pokedex-app", "pokedex-app\pokedex-app.csproj", "{733A1DF5-7FE6-4CE4-BDF4-6AF4F7C08FCC}"
EndProject
Global
	GlobalSection(SolutionConfigurationPlatforms) = preSolution
		Debug|Any CPU = Debug|Any CPU
		Release|Any CPU = Release|Any CPU
	EndGlobalSection
	GlobalSection(ProjectConfigurationPlatforms) = postSolution
		{733A1DF5-7FE6-4CE4-BDF4-6AF4F7C08FCC}.Debug|Any CPU.ActiveCfg = Debug|Any CPU
		{733A1DF5-7FE6-4CE4-BDF4-6AF4F7C08FCC}.Debug|Any CPU.Build.0 = Debug|Any CPU
		{733A1DF5-7FE6-4CE4-BDF4-6AF4F7C08FCC}.Release|Any CPU.ActiveCfg = Release|Any CPU
		{733A1DF5-7FE6-4CE4-BDF4-6AF4F7C08FCC}.Release|Any CPU.Build.0 = Release|Any CPU
	EndGlobalSection
	GlobalSection(SolutionProperties) = preSolution
		HideSolutionNode = FALSE
	EndGlobalSection
	GlobalSection(ExtensibilityGlobals) = postSolution
		SolutionGuid = {CE90C966-BABE-4632-B2E7-1D28EA78B4DF}
	EndGlobalSection
EndGlobal
